
Microsoft Visual Studio Solution File, Format Version 12.00
# Visual Studio 15
VisualStudioVersion = 15.0.28307.1705
MinimumVisualStudioVersion = 10.0.40219.1
Project("{FAE04EC0-301F-11D3-BF4B-00C04F79EFBC}") = "TOKS", "TOKS\TOKS.csproj", "{6A0064E7-CBC1-48A0-9FF3-6F3B1B85E4E1}"
EndProject
Global
	GlobalSection(SolutionConfigurationPlatforms) = preSolution
		Debug|Any CPU = Debug|Any CPU
		Release|Any CPU = Release|Any CPU
	EndGlobalSection
	GlobalSection(ProjectConfigurationPlatforms) = postSolution
		{6A0064E7-CBC1-48A0-9FF3-6F3B1B85E4E1}.Debug|Any CPU.ActiveCfg = Debug|Any CPU
		{6A0064E7-CBC1-48A0-9FF3-6F3B1B85E4E1}.Debug|Any CPU.Build.0 = Debug|Any CPU
		{6A0064E7-CBC1-48A0-9FF3-6F3B1B85E4E1}.Release|Any CPU.ActiveCfg = Release|Any CPU
		{6A0064E7-CBC1-48A0-9FF3-6F3B1B85E4E1}.Release|Any CPU.Build.0 = Release|Any CPU
	EndGlobalSection
	GlobalSection(SolutionProperties) = preSolution
		HideSolutionNode = FALSE
	EndGlobalSection
	GlobalSection(ExtensibilityGlobals) = postSolution
		SolutionGuid = {47BE3E95-8E03-4EE7-BF8A-90557676D287}
	EndGlobalSection
EndGlobal
